// !$*UTF8*$!
{
	archiveVersion = 1;
	classes = {
	};
	objectVersion = 55;
	objects = {

/* Begin PBXBuildFile section */
		17BE63822C406B6F0066E58B /* recipes.swift in Sources */ = {isa = PBXBuildFile; fileRef = 17BE63812C406B6F0066E58B /* recipes.swift */; };
		17BE63842C406C210066E58B /* RecipeData.swift in Sources */ = {isa = PBXBuildFile; fileRef = 17BE63832C406C210066E58B /* RecipeData.swift */; };
		17BE63862C406C6C0066E58B /* RecipeDetailView.swift in Sources */ = {isa = PBXBuildFile; fileRef = 17BE63852C406C6C0066E58B /* RecipeDetailView.swift */; };
		17C481362C3CB88F00905B4C /* recipesApp.swift in Sources */ = {isa = PBXBuildFile; fileRef = 17C481352C3CB88F00905B4C /* recipesApp.swift */; };
		17C481382C3CB88F00905B4C /* ContentView.swift in Sources */ = {isa = PBXBuildFile; fileRef = 17C481372C3CB88F00905B4C /* ContentView.swift */; };
		17C4813A2C3CB89300905B4C /* Assets.xcassets in Resources */ = {isa = PBXBuildFile; fileRef = 17C481392C3CB89300905B4C /* Assets.xcassets */; };
		17C4813D2C3CB89300905B4C /* Preview Assets.xcassets in Resources */ = {isa = PBXBuildFile; fileRef = 17C4813C2C3CB89300905B4C /* Preview Assets.xcassets */; };
		17C481472C3CB89300905B4C /* recipesTests.swift in Sources */ = {isa = PBXBuildFile; fileRef = 17C481462C3CB89300905B4C /* recipesTests.swift */; };
		17C481512C3CB89300905B4C /* recipesUITests.swift in Sources */ = {isa = PBXBuildFile; fileRef = 17C481502C3CB89300905B4C /* recipesUITests.swift */; };
		17C481532C3CB89300905B4C /* recipesUITestsLaunchTests.swift in Sources */ = {isa = PBXBuildFile; fileRef = 17C481522C3CB89300905B4C /* recipesUITestsLaunchTests.swift */; };
/* End PBXBuildFile section */

/* Begin PBXContainerItemProxy section */
		17C481432C3CB89300905B4C /* PBXContainerItemProxy */ = {
			isa = PBXContainerItemProxy;
			containerPortal = 17C4812A2C3CB88F00905B4C /* Project object */;
			proxyType = 1;
			remoteGlobalIDString = 17C481312C3CB88F00905B4C;
			remoteInfo = recipes;
		};
		17C4814D2C3CB89300905B4C /* PBXContainerItemProxy */ = {
			isa = PBXContainerItemProxy;
			containerPortal = 17C4812A2C3CB88F00905B4C /* Project object */;
			proxyType = 1;
			remoteGlobalIDString = 17C481312C3CB88F00905B4C;
			remoteInfo = recipes;
		};
/* End PBXContainerItemProxy section */

/* Begin PBXFileReference section */
		17BE63812C406B6F0066E58B /* recipes.swift */ = {isa = PBXFileReference; lastKnownFileType = sourcecode.swift; path = recipes.swift; sourceTree = "<group>"; };
		17BE63832C406C210066E58B /* RecipeData.swift */ = {isa = PBXFileReference; lastKnownFileType = sourcecode.swift; path = RecipeData.swift; sourceTree = "<group>"; };
		17BE63852C406C6C0066E58B /* RecipeDetailView.swift */ = {isa = PBXFileReference; lastKnownFileType = sourcecode.swift; path = RecipeDetailView.swift; sourceTree = "<group>"; };
		17C481322C3CB88F00905B4C /* recipes.app */ = {isa = PBXFileReference; explicitFileType = wrapper.application; includeInIndex = 0; path = recipes.app; sourceTree = BUILT_PRODUCTS_DIR; };
		17C481352C3CB88F00905B4C /* recipesApp.swift */ = {isa = PBXFileReference; lastKnownFileType = sourcecode.swift; path = recipesApp.swift; sourceTree = "<group>"; };
		17C481372C3CB88F00905B4C /* ContentView.swift */ = {isa = PBXFileReference; lastKnownFileType = sourcecode.swift; path = ContentView.swift; sourceTree = "<group>"; };
		17C481392C3CB89300905B4C /* Assets.xcassets */ = {isa = PBXFileReference; lastKnownFileType = folder.assetcatalog; path = Assets.xcassets; sourceTree = "<group>"; };
		17C4813C2C3CB89300905B4C /* Preview Assets.xcassets */ = {isa = PBXFileReference; lastKnownFileType = folder.assetcatalog; path = "Preview Assets.xcassets"; sourceTree = "<group>"; };
		17C481422C3CB89300905B4C /* recipesTests.xctest */ = {isa = PBXFileReference; explicitFileType = wrapper.cfbundle; includeInIndex = 0; path = recipesTests.xctest; sourceTree = BUILT_PRODUCTS_DIR; };
		17C481462C3CB89300905B4C /* recipesTests.swift */ = {isa = PBXFileReference; lastKnownFileType = sourcecode.swift; path = recipesTests.swift; sourceTree = "<group>"; };
		17C4814C2C3CB89300905B4C /* recipesUITests.xctest */ = {isa = PBXFileReference; explicitFileType = wrapper.cfbundle; includeInIndex = 0; path = recipesUITests.xctest; sourceTree = BUILT_PRODUCTS_DIR; };
		17C481502C3CB89300905B4C /* recipesUITests.swift */ = {isa = PBXFileReference; lastKnownFileType = sourcecode.swift; path = recipesUITests.swift; sourceTree = "<group>"; };
		17C481522C3CB89300905B4C /* recipesUITestsLaunchTests.swift */ = {isa = PBXFileReference; lastKnownFileType = sourcecode.swift; path = recipesUITestsLaunchTests.swift; sourceTree = "<group>"; };
		8AD4D2A49A9DD3AFA0F2D82A /* Pods-recipes.debug.xcconfig */ = {isa = PBXFileReference; includeInIndex = 1; lastKnownFileType = text.xcconfig; name = "Pods-recipes.debug.xcconfig"; path = "Target Support Files/Pods-recipes/Pods-recipes.debug.xcconfig"; sourceTree = "<group>"; };
		F581282DF35606B6D1D8A41F /* Pods-recipes.release.xcconfig */ = {isa = PBXFileReference; includeInIndex = 1; lastKnownFileType = text.xcconfig; name = "Pods-recipes.release.xcconfig"; path = "Target Support Files/Pods-recipes/Pods-recipes.release.xcconfig"; sourceTree = "<group>"; };
/* End PBXFileReference section */

/* Begin PBXFrameworksBuildPhase section */
		17C4812F2C3CB88F00905B4C /* Frameworks */ = {
			isa = PBXFrameworksBuildPhase;
			buildActionMask = 2147483647;
			files = (
			);
			runOnlyForDeploymentPostprocessing = 0;
		};
		17C4813F2C3CB89300905B4C /* Frameworks */ = {
			isa = PBXFrameworksBuildPhase;
			buildActionMask = 2147483647;
			files = (
			);
			runOnlyForDeploymentPostprocessing = 0;
		};
		17C481492C3CB89300905B4C /* Frameworks */ = {
			isa = PBXFrameworksBuildPhase;
			buildActionMask = 2147483647;
			files = (
			);
			runOnlyForDeploymentPostprocessing = 0;
		};
/* End PBXFrameworksBuildPhase section */

/* Begin PBXGroup section */
		137234DAA9AA83DF39E16B95 /* Frameworks */ = {
			isa = PBXGroup;
			children = (
			);
			name = Frameworks;
			sourceTree = "<group>";
		};
		17C481292C3CB88F00905B4C = {
			isa = PBXGroup;
			children = (
				17C481342C3CB88F00905B4C /* recipes */,
				17C481452C3CB89300905B4C /* recipesTests */,
				17C4814F2C3CB89300905B4C /* recipesUITests */,
				17C481332C3CB88F00905B4C /* Products */,
				DF7F8AF562E92D4DB802F3D9 /* Pods */,
				137234DAA9AA83DF39E16B95 /* Frameworks */,
			);
			sourceTree = "<group>";
		};
		17C481332C3CB88F00905B4C /* Products */ = {
			isa = PBXGroup;
			children = (
				17C481322C3CB88F00905B4C /* recipes.app */,
				17C481422C3CB89300905B4C /* recipesTests.xctest */,
				17C4814C2C3CB89300905B4C /* recipesUITests.xctest */,
			);
			name = Products;
			sourceTree = "<group>";
		};
		17C481342C3CB88F00905B4C /* recipes */ = {
			isa = PBXGroup;
			children = (
				17C481352C3CB88F00905B4C /* recipesApp.swift */,
				17C481372C3CB88F00905B4C /* ContentView.swift */,
				17C481392C3CB89300905B4C /* Assets.xcassets */,
				17C4813B2C3CB89300905B4C /* Preview Content */,
				17BE63812C406B6F0066E58B /* recipes.swift */,
				17BE63832C406C210066E58B /* RecipeData.swift */,
				17BE63852C406C6C0066E58B /* RecipeDetailView.swift */,
			);
			path = recipes;
			sourceTree = "<group>";
		};
		17C4813B2C3CB89300905B4C /* Preview Content */ = {
			isa = PBXGroup;
			children = (
				17C4813C2C3CB89300905B4C /* Preview Assets.xcassets */,
			);
			path = "Preview Content";
			sourceTree = "<group>";
		};
		17C481452C3CB89300905B4C /* recipesTests */ = {
			isa = PBXGroup;
			children = (
				17C481462C3CB89300905B4C /* recipesTests.swift */,
			);
			path = recipesTests;
			sourceTree = "<group>";
		};
		17C4814F2C3CB89300905B4C /* recipesUITests */ = {
			isa = PBXGroup;
			children = (
				17C481502C3CB89300905B4C /* recipesUITests.swift */,
				17C481522C3CB89300905B4C /* recipesUITestsLaunchTests.swift */,
			);
			path = recipesUITests;
			sourceTree = "<group>";
		};
		DF7F8AF562E92D4DB802F3D9 /* Pods */ = {
			isa = PBXGroup;
			children = (
				8AD4D2A49A9DD3AFA0F2D82A /* Pods-recipes.debug.xcconfig */,
				F581282DF35606B6D1D8A41F /* Pods-recipes.release.xcconfig */,
			);
			path = Pods;
			sourceTree = "<group>";
		};
/* End PBXGroup section */

/* Begin PBXNativeTarget section */
		17C481312C3CB88F00905B4C /* recipes */ = {
			isa = PBXNativeTarget;
			buildConfigurationList = 17C481562C3CB89300905B4C /* Build configuration list for PBXNativeTarget "recipes" */;
			buildPhases = (
				0D3116FA500041DDC73A5F9A /* [CP] Check Pods Manifest.lock */,
				17C4812E2C3CB88F00905B4C /* Sources */,
				17C4812F2C3CB88F00905B4C /* Frameworks */,
				17C481302C3CB88F00905B4C /* Resources */,
			);
			buildRules = (
			);
			dependencies = (
			);
			name = recipes;
			productName = recipes;
			productReference = 17C481322C3CB88F00905B4C /* recipes.app */;
			productType = "com.apple.product-type.application";
		};
		17C481412C3CB89300905B4C /* recipesTests */ = {
			isa = PBXNativeTarget;
			buildConfigurationList = 17C481592C3CB89300905B4C /* Build configuration list for PBXNativeTarget "recipesTests" */;
			buildPhases = (
				17C4813E2C3CB89300905B4C /* Sources */,
				17C4813F2C3CB89300905B4C /* Frameworks */,
				17C481402C3CB89300905B4C /* Resources */,
			);
			buildRules = (
			);
			dependencies = (
				17C481442C3CB89300905B4C /* PBXTargetDependency */,
			);
			name = recipesTests;
			productName = recipesTests;
			productReference = 17C481422C3CB89300905B4C /* recipesTests.xctest */;
			productType = "com.apple.product-type.bundle.unit-test";
		};
		17C4814B2C3CB89300905B4C /* recipesUITests */ = {
			isa = PBXNativeTarget;
			buildConfigurationList = 17C4815C2C3CB89300905B4C /* Build configuration list for PBXNativeTarget "recipesUITests" */;
			buildPhases = (
				17C481482C3CB89300905B4C /* Sources */,
				17C481492C3CB89300905B4C /* Frameworks */,
				17C4814A2C3CB89300905B4C /* Resources */,
			);
			buildRules = (
			);
			dependencies = (
				17C4814E2C3CB89300905B4C /* PBXTargetDependency */,
			);
			name = recipesUITests;
			productName = recipesUITests;
			productReference = 17C4814C2C3CB89300905B4C /* recipesUITests.xctest */;
			productType = "com.apple.product-type.bundle.ui-testing";
		};
/* End PBXNativeTarget section */

/* Begin PBXProject section */
		17C4812A2C3CB88F00905B4C /* Project object */ = {
			isa = PBXProject;
			attributes = {
				BuildIndependentTargetsInParallel = 1;
				LastSwiftUpdateCheck = 1340;
				LastUpgradeCheck = 1340;
				TargetAttributes = {
					17C481312C3CB88F00905B4C = {
						CreatedOnToolsVersion = 13.4.1;
					};
					17C481412C3CB89300905B4C = {
						CreatedOnToolsVersion = 13.4.1;
						TestTargetID = 17C481312C3CB88F00905B4C;
					};
					17C4814B2C3CB89300905B4C = {
						CreatedOnToolsVersion = 13.4.1;
						TestTargetID = 17C481312C3CB88F00905B4C;
					};
				};
			};
			buildConfigurationList = 17C4812D2C3CB88F00905B4C /* Build configuration list for PBXProject "recipes" */;
			compatibilityVersion = "Xcode 13.0";
			developmentRegion = en;
			hasScannedForEncodings = 0;
			knownRegions = (
				en,
				Base,
			);
			mainGroup = 17C481292C3CB88F00905B4C;
			productRefGroup = 17C481332C3CB88F00905B4C /* Products */;
			projectDirPath = "";
			projectRoot = "";
			targets = (
				17C481312C3CB88F00905B4C /* recipes */,
				17C481412C3CB89300905B4C /* recipesTests */,
				17C4814B2C3CB89300905B4C /* recipesUITests */,
			);
		};
/* End PBXProject section */

/* Begin PBXResourcesBuildPhase section */
		17C481302C3CB88F00905B4C /* Resources */ = {
			isa = PBXResourcesBuildPhase;
			buildActionMask = 2147483647;
			files = (
				17C4813D2C3CB89300905B4C /* Preview Assets.xcassets in Resources */,
				17C4813A2C3CB89300905B4C /* Assets.xcassets in Resources */,
			);
			runOnlyForDeploymentPostprocessing = 0;
		};
		17C481402C3CB89300905B4C /* Resources */ = {
			isa = PBXResourcesBuildPhase;
			buildActionMask = 2147483647;
			files = (
			);
			runOnlyForDeploymentPostprocessing = 0;
		};
		17C4814A2C3CB89300905B4C /* Resources */ = {
			isa = PBXResourcesBuildPhase;
			buildActionMask = 2147483647;
			files = (
			);
			runOnlyForDeploymentPostprocessing = 0;
		};
/* End PBXResourcesBuildPhase section */

/* Begin PBXShellScriptBuildPhase section */
		0D3116FA500041DDC73A5F9A /* [CP] Check Pods Manifest.lock */ = {
			isa = PBXShellScriptBuildPhase;
			buildActionMask = 2147483647;
			files = (
			);
			inputFileListPaths = (
			);
			inputPaths = (
				"${PODS_PODFILE_DIR_PATH}/Podfile.lock",
				"${PODS_ROOT}/Manifest.lock",
			);
			name = "[CP] Check Pods Manifest.lock";
			outputFileListPaths = (
			);
			outputPaths = (
				"$(DERIVED_FILE_DIR)/Pods-recipes-checkManifestLockResult.txt",
			);
			runOnlyForDeploymentPostprocessing = 0;
			shellPath = /bin/sh;
			shellScript = "diff \"${PODS_PODFILE_DIR_PATH}/Podfile.lock\" \"${PODS_ROOT}/Manifest.lock\" > /dev/null\nif [ $? != 0 ] ; then\n    # print error to STDERR\n    echo \"error: The sandbox is not in sync with the Podfile.lock. Run 'pod install' or update your CocoaPods installation.\" >&2\n    exit 1\nfi\n# This output is used by Xcode 'outputs' to avoid re-running this script phase.\necho \"SUCCESS\" > \"${SCRIPT_OUTPUT_FILE_0}\"\n";
			showEnvVarsInLog = 0;
		};
/* End PBXShellScriptBuildPhase section */

/* Begin PBXSourcesBuildPhase section */
		17C4812E2C3CB88F00905B4C /* Sources */ = {
			isa = PBXSourcesBuildPhase;
			buildActionMask = 2147483647;
			files = (
				17C481382C3CB88F00905B4C /* ContentView.swift in Sources */,
				17BE63862C406C6C0066E58B /* RecipeDetailView.swift in Sources */,
				17BE63842C406C210066E58B /* RecipeData.swift in Sources */,
				17C481362C3CB88F00905B4C /* recipesApp.swift in Sources */,
				17BE63822C406B6F0066E58B /* recipes.swift in Sources */,
			);
			runOnlyForDeploymentPostprocessing = 0;
		};
		17C4813E2C3CB89300905B4C /* Sources */ = {
			isa = PBXSourcesBuildPhase;
			buildActionMask = 2147483647;
			files = (
				17C481472C3CB89300905B4C /* recipesTests.swift in Sources */,
			);
			runOnlyForDeploymentPostprocessing = 0;
		};
		17C481482C3CB89300905B4C /* Sources */ = {
			isa = PBXSourcesBuildPhase;
			buildActionMask = 2147483647;
			files = (
				17C481532C3CB89300905B4C /* recipesUITestsLaunchTests.swift in Sources */,
				17C481512C3CB89300905B4C /* recipesUITests.swift in Sources */,
			);
			runOnlyForDeploymentPostprocessing = 0;
		};
/* End PBXSourcesBuildPhase section */

/* Begin PBXTargetDependency section */
		17C481442C3CB89300905B4C /* PBXTargetDependency */ = {
			isa = PBXTargetDependency;
			target = 17C481312C3CB88F00905B4C /* recipes */;
			targetProxy = 17C481432C3CB89300905B4C /* PBXContainerItemProxy */;
		};
		17C4814E2C3CB89300905B4C /* PBXTargetDependency */ = {
			isa = PBXTargetDependency;
			target = 17C481312C3CB88F00905B4C /* recipes */;
			targetProxy = 17C4814D2C3CB89300905B4C /* PBXContainerItemProxy */;
		};
/* End PBXTargetDependency section */

/* Begin XCBuildConfiguration section */
		17C481542C3CB89300905B4C /* Debug */ = {
			isa = XCBuildConfiguration;
			buildSettings = {
				ALWAYS_SEARCH_USER_PATHS = NO;
				CLANG_ANALYZER_NONNULL = YES;
				CLANG_ANALYZER_NUMBER_OBJECT_CONVERSION = YES_AGGRESSIVE;
				CLANG_CXX_LANGUAGE_STANDARD = "gnu++17";
				CLANG_ENABLE_MODULES = YES;
				CLANG_ENABLE_OBJC_ARC = YES;
				CLANG_ENABLE_OBJC_WEAK = YES;
				CLANG_WARN_BLOCK_CAPTURE_AUTORELEASING = YES;
				CLANG_WARN_BOOL_CONVERSION = YES;
				CLANG_WARN_COMMA = YES;
				CLANG_WARN_CONSTANT_CONVERSION = YES;
				CLANG_WARN_DEPRECATED_OBJC_IMPLEMENTATIONS = YES;
				CLANG_WARN_DIRECT_OBJC_ISA_USAGE = YES_ERROR;
				CLANG_WARN_DOCUMENTATION_COMMENTS = YES;
				CLANG_WARN_EMPTY_BODY = YES;
				CLANG_WARN_ENUM_CONVERSION = YES;
				CLANG_WARN_INFINITE_RECURSION = YES;
				CLANG_WARN_INT_CONVERSION = YES;
				CLANG_WARN_NON_LITERAL_NULL_CONVERSION = YES;
				CLANG_WARN_OBJC_IMPLICIT_RETAIN_SELF = YES;
				CLANG_WARN_OBJC_LITERAL_CONVERSION = YES;
				CLANG_WARN_OBJC_ROOT_CLASS = YES_ERROR;
				CLANG_WARN_QUOTED_INCLUDE_IN_FRAMEWORK_HEADER = YES;
				CLANG_WARN_RANGE_LOOP_ANALYSIS = YES;
				CLANG_WARN_STRICT_PROTOTYPES = YES;
				CLANG_WARN_SUSPICIOUS_MOVE = YES;
				CLANG_WARN_UNGUARDED_AVAILABILITY = YES_AGGRESSIVE;
				CLANG_WARN_UNREACHABLE_CODE = YES;
				CLANG_WARN__DUPLICATE_METHOD_MATCH = YES;
				COPY_PHASE_STRIP = NO;
				DEBUG_INFORMATION_FORMAT = dwarf;
				ENABLE_STRICT_OBJC_MSGSEND = YES;
				ENABLE_TESTABILITY = YES;
				GCC_C_LANGUAGE_STANDARD = gnu11;
				GCC_DYNAMIC_NO_PIC = NO;
				GCC_NO_COMMON_BLOCKS = YES;
				GCC_OPTIMIZATION_LEVEL = 0;
				GCC_PREPROCESSOR_DEFINITIONS = (
					"DEBUG=1",
					"$(inherited)",
				);
				GCC_WARN_64_TO_32_BIT_CONVERSION = YES;
				GCC_WARN_ABOUT_RETURN_TYPE = YES_ERROR;
				GCC_WARN_UNDECLARED_SELECTOR = YES;
				GCC_WARN_UNINITIALIZED_AUTOS = YES_AGGRESSIVE;
				GCC_WARN_UNUSED_FUNCTION = YES;
				GCC_WARN_UNUSED_VARIABLE = YES;
				IPHONEOS_DEPLOYMENT_TARGET = 15.5;
				MTL_ENABLE_DEBUG_INFO = INCLUDE_SOURCE;
				MTL_FAST_MATH = YES;
				ONLY_ACTIVE_ARCH = YES;
				SDKROOT = iphoneos;
				SWIFT_ACTIVE_COMPILATION_CONDITIONS = DEBUG;
				SWIFT_OPTIMIZATION_LEVEL = "-Onone";
			};
			name = Debug;
		};
		17C481552C3CB89300905B4C /* Release */ = {
			isa = XCBuildConfiguration;
			buildSettings = {
				ALWAYS_SEARCH_USER_PATHS = NO;
				CLANG_ANALYZER_NONNULL = YES;
				CLANG_ANALYZER_NUMBER_OBJECT_CONVERSION = YES_AGGRESSIVE;
				CLANG_CXX_LANGUAGE_STANDARD = "gnu++17";
				CLANG_ENABLE_MODULES = YES;
				CLANG_ENABLE_OBJC_ARC = YES;
				CLANG_ENABLE_OBJC_WEAK = YES;
				CLANG_WARN_BLOCK_CAPTURE_AUTORELEASING = YES;
				CLANG_WARN_BOOL_CONVERSION = YES;
				CLANG_WARN_COMMA = YES;
				CLANG_WARN_CONSTANT_CONVERSION = YES;
				CLANG_WARN_DEPRECATED_OBJC_IMPLEMENTATIONS = YES;
				CLANG_WARN_DIRECT_OBJC_ISA_USAGE = YES_ERROR;
				CLANG_WARN_DOCUMENTATION_COMMENTS = YES;
				CLANG_WARN_EMPTY_BODY = YES;
				CLANG_WARN_ENUM_CONVERSION = YES;
				CLANG_WARN_INFINITE_RECURSION = YES;
				CLANG_WARN_INT_CONVERSION = YES;
				CLANG_WARN_NON_LITERAL_NULL_CONVERSION = YES;
				CLANG_WARN_OBJC_IMPLICIT_RETAIN_SELF = YES;
				CLANG_WARN_OBJC_LITERAL_CONVERSION = YES;
				CLANG_WARN_OBJC_ROOT_CLASS = YES_ERROR;
				CLANG_WARN_QUOTED_INCLUDE_IN_FRAMEWORK_HEADER = YES;
				CLANG_WARN_RANGE_LOOP_ANALYSIS = YES;
				CLANG_WARN_STRICT_PROTOTYPES = YES;
				CLANG_WARN_SUSPICIOUS_MOVE = YES;
				CLANG_WARN_UNGUARDED_AVAILABILITY = YES_AGGRESSIVE;
				CLANG_WARN_UNREACHABLE_CODE = YES;
				CLANG_WARN__DUPLICATE_METHOD_MATCH = YES;
				COPY_PHASE_STRIP = NO;
				DEBUG_INFORMATION_FORMAT = "dwarf-with-dsym";
				ENABLE_NS_ASSERTIONS = NO;
				ENABLE_STRICT_OBJC_MSGSEND = YES;
				GCC_C_LANGUAGE_STANDARD = gnu11;
				GCC_NO_COMMON_BLOCKS = YES;
				GCC_WARN_64_TO_32_BIT_CONVERSION = YES;
				GCC_WARN_ABOUT_RETURN_TYPE = YES_ERROR;
				GCC_WARN_UNDECLARED_SELECTOR = YES;
				GCC_WARN_UNINITIALIZED_AUTOS = YES_AGGRESSIVE;
				GCC_WARN_UNUSED_FUNCTION = YES;
				GCC_WARN_UNUSED_VARIABLE = YES;
				IPHONEOS_DEPLOYMENT_TARGET = 15.5;
				MTL_ENABLE_DEBUG_INFO = NO;
				MTL_FAST_MATH = YES;
				SDKROOT = iphoneos;
				SWIFT_COMPILATION_MODE = wholemodule;
				SWIFT_OPTIMIZATION_LEVEL = "-O";
				VALIDATE_PRODUCT = YES;
			};
			name = Release;
		};
		17C481572C3CB89300905B4C /* Debug */ = {
			isa = XCBuildConfiguration;
			baseConfigurationReference = 8AD4D2A49A9DD3AFA0F2D82A /* Pods-recipes.debug.xcconfig */;
			buildSettings = {
				ASSETCATALOG_COMPILER_APPICON_NAME = AppIcon;
				ASSETCATALOG_COMPILER_GLOBAL_ACCENT_COLOR_NAME = AccentColor;
				CODE_SIGN_STYLE = Automatic;
				CURRENT_PROJECT_VERSION = 1;
				DEVELOPMENT_ASSET_PATHS = "\"recipes/Preview Content\"";
				DEVELOPMENT_TEAM = 23864ZD8UV;
				ENABLE_PREVIEWS = YES;
				GENERATE_INFOPLIST_FILE = YES;
				INFOPLIST_KEY_UIApplicationSceneManifest_Generation = YES;
				INFOPLIST_KEY_UIApplicationSupportsIndirectInputEvents = YES;
				INFOPLIST_KEY_UILaunchScreen_Generation = YES;
				INFOPLIST_KEY_UISupportedInterfaceOrientations_iPad = "UIInterfaceOrientationPortrait UIInterfaceOrientationPortraitUpsideDown UIInterfaceOrientationLandscapeLeft UIInterfaceOrientationLandscapeRight";
				INFOPLIST_KEY_UISupportedInterfaceOrientations_iPhone = "UIInterfaceOrientationPortrait UIInterfaceOrientationLandscapeLeft UIInterfaceOrientationLandscapeRight";
				LD_RUNPATH_SEARCH_PATHS = (
					"$(inherited)",
					"@executable_path/Frameworks",
				);
				MARKETING_VERSION = 1.0;
				PRODUCT_BUNDLE_IDENTIFIER = florianravasi.recipes;
				PRODUCT_NAME = "$(TARGET_NAME)";
				SWIFT_EMIT_LOC_STRINGS = YES;
				SWIFT_VERSION = 5.0;
				TARGETED_DEVICE_FAMILY = "1,2";
			};
			name = Debug;
		};
		17C481582C3CB89300905B4C /* Release */ = {
			isa = XCBuildConfiguration;
			baseConfigurationReference = F581282DF35606B6D1D8A41F /* Pods-recipes.release.xcconfig */;
			buildSettings = {
				ASSETCATALOG_COMPILER_APPICON_NAME = AppIcon;
				ASSETCATALOG_COMPILER_GLOBAL_ACCENT_COLOR_NAME = AccentColor;
				CODE_SIGN_STYLE = Automatic;
				CURRENT_PROJECT_VERSION = 1;
				DEVELOPMENT_ASSET_PATHS = "\"recipes/Preview Content\"";
				DEVELOPMENT_TEAM = 23864ZD8UV;
				ENABLE_PREVIEWS = YES;
				GENERATE_INFOPLIST_FILE = YES;
				INFOPLIST_KEY_UIApplicationSceneManifest_Generation = YES;
				INFOPLIST_KEY_UIApplicationSupportsIndirectInputEvents = YES;
				INFOPLIST_KEY_UILaunchScreen_Generation = YES;
				INFOPLIST_KEY_UISupportedInterfaceOrientations_iPad = "UIInterfaceOrientationPortrait UIInterfaceOrientationPortraitUpsideDown UIInterfaceOrientationLandscapeLeft UIInterfaceOrientationLandscapeRight";
				INFOPLIST_KEY_UISupportedInterfaceOrientations_iPhone = "UIInterfaceOrientationPortrait UIInterfaceOrientationLandscapeLeft UIInterfaceOrientationLandscapeRight";
				LD_RUNPATH_SEARCH_PATHS = (
					"$(inherited)",
					"@executable_path/Frameworks",
				);
				MARKETING_VERSION = 1.0;
				PRODUCT_BUNDLE_IDENTIFIER = florianravasi.recipes;
				PRODUCT_NAME = "$(TARGET_NAME)";
				SWIFT_EMIT_LOC_STRINGS = YES;
				SWIFT_VERSION = 5.0;
				TARGETED_DEVICE_FAMILY = "1,2";
			};
			name = Release;
		};
		17C4815A2C3CB89300905B4C /* Debug */ = {
			isa = XCBuildConfiguration;
			buildSettings = {
				ALWAYS_EMBED_SWIFT_STANDARD_LIBRARIES = YES;
				BUNDLE_LOADER = "$(TEST_HOST)";
				CODE_SIGN_STYLE = Automatic;
				CURRENT_PROJECT_VERSION = 1;
				DEVELOPMENT_TEAM = 23864ZD8UV;
				GENERATE_INFOPLIST_FILE = YES;
				IPHONEOS_DEPLOYMENT_TARGET = 15.5;
				MARKETING_VERSION = 1.0;
				PRODUCT_BUNDLE_IDENTIFIER = florianravasi.recipesTests;
				PRODUCT_NAME = "$(TARGET_NAME)";
				SWIFT_EMIT_LOC_STRINGS = NO;
				SWIFT_VERSION = 5.0;
				TARGETED_DEVICE_FAMILY = "1,2";
				TEST_HOST = "$(BUILT_PRODUCTS_DIR)/recipes.app/recipes";
			};
			name = Debug;
		};
		17C4815B2C3CB89300905B4C /* Release */ = {
			isa = XCBuildConfiguration;
			buildSettings = {
				ALWAYS_EMBED_SWIFT_STANDARD_LIBRARIES = YES;
				BUNDLE_LOADER = "$(TEST_HOST)";
				CODE_SIGN_STYLE = Automatic;
				CURRENT_PROJECT_VERSION = 1;
				DEVELOPMENT_TEAM = 23864ZD8UV;
				GENERATE_INFOPLIST_FILE = YES;
				IPHONEOS_DEPLOYMENT_TARGET = 15.5;
				MARKETING_VERSION = 1.0;
				PRODUCT_BUNDLE_IDENTIFIER = florianravasi.recipesTests;
				PRODUCT_NAME = "$(TARGET_NAME)";
				SWIFT_EMIT_LOC_STRINGS = NO;
				SWIFT_VERSION = 5.0;
				TARGETED_DEVICE_FAMILY = "1,2";
				TEST_HOST = "$(BUILT_PRODUCTS_DIR)/recipes.app/recipes";
			};
			name = Release;
		};
		17C4815D2C3CB89300905B4C /* Debug */ = {
			isa = XCBuildConfiguration;
			buildSettings = {
				ALWAYS_EMBED_SWIFT_STANDARD_LIBRARIES = YES;
				CODE_SIGN_STYLE = Automatic;
				CURRENT_PROJECT_VERSION = 1;
				DEVELOPMENT_TEAM = 23864ZD8UV;
				GENERATE_INFOPLIST_FILE = YES;
				MARKETING_VERSION = 1.0;
				PRODUCT_BUNDLE_IDENTIFIER = florianravasi.recipesUITests;
				PRODUCT_NAME = "$(TARGET_NAME)";
				SWIFT_EMIT_LOC_STRINGS = NO;
				SWIFT_VERSION = 5.0;
				TARGETED_DEVICE_FAMILY = "1,2";
				TEST_TARGET_NAME = recipes;
			};
			name = Debug;
		};
		17C4815E2C3CB89300905B4C /* Release */ = {
			isa = XCBuildConfiguration;
			buildSettings = {
				ALWAYS_EMBED_SWIFT_STANDARD_LIBRARIES = YES;
				CODE_SIGN_STYLE = Automatic;
				CURRENT_PROJECT_VERSION = 1;
				DEVELOPMENT_TEAM = 23864ZD8UV;
				GENERATE_INFOPLIST_FILE = YES;
				MARKETING_VERSION = 1.0;
				PRODUCT_BUNDLE_IDENTIFIER = florianravasi.recipesUITests;
				PRODUCT_NAME = "$(TARGET_NAME)";
				SWIFT_EMIT_LOC_STRINGS = NO;
				SWIFT_VERSION = 5.0;
				TARGETED_DEVICE_FAMILY = "1,2";
				TEST_TARGET_NAME = recipes;
			};
			name = Release;
		};
/* End XCBuildConfiguration section */

/* Begin XCConfigurationList section */
		17C4812D2C3CB88F00905B4C /* Build configuration list for PBXProject "recipes" */ = {
			isa = XCConfigurationList;
			buildConfigurations = (
				17C481542C3CB89300905B4C /* Debug */,
				17C481552C3CB89300905B4C /* Release */,
			);
			defaultConfigurationIsVisible = 0;
			defaultConfigurationName = Release;
		};
		17C481562C3CB89300905B4C /* Build configuration list for PBXNativeTarget "recipes" */ = {
			isa = XCConfigurationList;
			buildConfigurations = (
				17C481572C3CB89300905B4C /* Debug */,
				17C481582C3CB89300905B4C /* Release */,
			);
			defaultConfigurationIsVisible = 0;
			defaultConfigurationName = Release;
		};
		17C481592C3CB89300905B4C /* Build configuration list for PBXNativeTarget "recipesTests" */ = {
			isa = XCConfigurationList;
			buildConfigurations = (
				17C4815A2C3CB89300905B4C /* Debug */,
				17C4815B2C3CB89300905B4C /* Release */,
			);
			defaultConfigurationIsVisible = 0;
			defaultConfigurationName = Release;
		};
		17C4815C2C3CB89300905B4C /* Build configuration list for PBXNativeTarget "recipesUITests" */ = {
			isa = XCConfigurationList;
			buildConfigurations = (
				17C4815D2C3CB89300905B4C /* Debug */,
				17C4815E2C3CB89300905B4C /* Release */,
			);
			defaultConfigurationIsVisible = 0;
			defaultConfigurationName = Release;
		};
/* End XCConfigurationList section */
	};
	rootObject = 17C4812A2C3CB88F00905B4C /* Project object */;
}
